{
  "requires": true,
  "lockfileVersion": 1,
  "dependencies": {
    "async-validator": {
      "version": "1.11.2",
      "resolved": "https://registry.npm.taobao.org/async-validator/download/async-validator-1.11.2.tgz",
      "requires": {
        "babel-runtime": "6.x"
      }
    },
    "babel-runtime": {
      "version": "6.26.0",
      "resolved": "https://registry.npm.taobao.org/babel-runtime/download/babel-runtime-6.26.0.tgz?cache=0&other_urls=https%3A%2F%2Fregistry.npm.taobao.org%2Fbabel-runtime%2Fdownload%2Fbabel-runtime-6.26.0.tgz",
      "requires": {
        "core-js": "^2.4.0",
        "regenerator-runtime": "^0.11.0"
      },
      "dependencies": {
        "core-js": {
          "version": "https://registry.npm.taobao.org/core-js/download/core-js-2.6.5.tgz?cache=0&other_urls=https%3A%2F%2Fregistry.npm.taobao.org%2Fcore-js%2Fdownload%2Fcore-js-2.6.5.tgz"
        },
        "regenerator-runtime": {
          "version": "https://registry.npm.taobao.org/regenerator-runtime/download/regenerator-runtime-0.11.1.tgz"
        }
      }
    },
    "core-js": {
      "version": "2.6.5",
      "resolved": "https://registry.npm.taobao.org/core-js/download/core-js-2.6.5.tgz?cache=0&other_urls=https%3A%2F%2Fregistry.npm.taobao.org%2Fcore-js%2Fdownload%2Fcore-js-2.6.5.tgz"
    },
      "dependencies": {
        "deepmerge": {
          "version": "1.5.2",
          "resolved": "https://registry.npmjs.org/deepmerge/-/deepmerge-1.5.2.tgz",
          "integrity": "sha512-95k0GDqvBjZavkuvzx/YqVLv/6YYa17fz6ILMSf7neqQITCPbnfEnQvEgMPNjH4kgobe7+WIL0yJEHku+H3qtQ=="
        },
        "popper.js": {
          "version": "0.6.4",
          "resolved": "https://registry.npmjs.org/popper.js/-/popper.js-0.6.4.tgz",
          "integrity": "sha1-GDfEdgr1TSuyC2b5wJuSmT2Exik="
        }
      }
    },
    "regenerator-runtime": {
      "version": "0.11.1",
      "resolved": "https://registry.npm.taobao.org/regenerator-runtime/download/regenerator-runtime-0.11.1.tgz"
    },
    "vuex": {
      "version": "3.1.0",
      "resolved": "https://registry.npm.taobao.org/vuex/download/vuex-3.1.0.tgz"
    }
  }
}
